// !$*UTF8*$!
{
	archiveVersion = 1;
	classes = {
	};
	objectVersion = 46;
	objects = {

/* Begin PBXBuildFile section */
		1F20822A189B0DC700F11AAE /* Foundation.framework in Frameworks */ = {isa = PBXBuildFile; fileRef = 1F208229189B0DC700F11AAE /* Foundation.framework */; };
		1F20822C189B0DC700F11AAE /* CoreGraphics.framework in Frameworks */ = {isa = PBXBuildFile; fileRef = 1F20822B189B0DC700F11AAE /* CoreGraphics.framework */; };
		1F20822E189B0DC700F11AAE /* UIKit.framework in Frameworks */ = {isa = PBXBuildFile; fileRef = 1F20822D189B0DC700F11AAE /* UIKit.framework */; };
		1F208234189B0DC700F11AAE /* InfoPlist.strings in Resources */ = {isa = PBXBuildFile; fileRef = 1F208232189B0DC700F11AAE /* InfoPlist.strings */; };
		1F208236189B0DC700F11AAE /* main.m in Sources */ = {isa = PBXBuildFile; fileRef = 1F208235189B0DC700F11AAE /* main.m */; };
		1F20823A189B0DC700F11AAE /* EHTAppDelegate.m in Sources */ = {isa = PBXBuildFile; fileRef = 1F208239189B0DC700F11AAE /* EHTAppDelegate.m */; };
		1F20823C189B0DC700F11AAE /* Images.xcassets in Resources */ = {isa = PBXBuildFile; fileRef = 1F20823B189B0DC700F11AAE /* Images.xcassets */; };
		1F208243189B0DC800F11AAE /* XCTest.framework in Frameworks */ = {isa = PBXBuildFile; fileRef = 1F208242189B0DC800F11AAE /* XCTest.framework */; };
		1F208244189B0DC800F11AAE /* Foundation.framework in Frameworks */ = {isa = PBXBuildFile; fileRef = 1F208229189B0DC700F11AAE /* Foundation.framework */; };
		1F208245189B0DC800F11AAE /* UIKit.framework in Frameworks */ = {isa = PBXBuildFile; fileRef = 1F20822D189B0DC700F11AAE /* UIKit.framework */; };
		1F20824D189B0DC800F11AAE /* InfoPlist.strings in Resources */ = {isa = PBXBuildFile; fileRef = 1F20824B189B0DC800F11AAE /* InfoPlist.strings */; };
		1F20824F189B0DC800F11AAE /* The_WifeTests.m in Sources */ = {isa = PBXBuildFile; fileRef = 1F20824E189B0DC800F11AAE /* The_WifeTests.m */; };
		1F208259189B11A400F11AAE /* Main.storyboard in Resources */ = {isa = PBXBuildFile; fileRef = 1F208258189B11A400F11AAE /* Main.storyboard */; };
		1F20825B189B144300F11AAE /* SpriteKit.framework in Frameworks */ = {isa = PBXBuildFile; fileRef = 1F20825A189B144300F11AAE /* SpriteKit.framework */; };
		1FF0EF6D189DFD8E00681AE3 /* EHTTaskDetailViewController.m in Sources */ = {isa = PBXBuildFile; fileRef = 1FF0EF6C189DFD8E00681AE3 /* EHTTaskDetailViewController.m */; };
		AA7C6D38189DBCD1006791E5 /* AudioToolbox.framework in Frameworks */ = {isa = PBXBuildFile; fileRef = AA7C6D37189DBCD1006791E5 /* AudioToolbox.framework */; };
		AA7C6D3B189DBE3B006791E5 /* EHTTask.m in Sources */ = {isa = PBXBuildFile; fileRef = AA7C6D3A189DBE3B006791E5 /* EHTTask.m */; };
		AA7C6D42189E02E4006791E5 /* EHTTaskCollection.m in Sources */ = {isa = PBXBuildFile; fileRef = AA7C6D41189E02E4006791E5 /* EHTTaskCollection.m */; };
/* End PBXBuildFile section */

/* Begin PBXContainerItemProxy section */
		1F208246189B0DC800F11AAE /* PBXContainerItemProxy */ = {
			isa = PBXContainerItemProxy;
			containerPortal = 1F20821E189B0DC700F11AAE /* Project object */;
			proxyType = 1;
			remoteGlobalIDString = 1F208225189B0DC700F11AAE;
			remoteInfo = "The Wife";
		};
/* End PBXContainerItemProxy section */

/* Begin PBXFileReference section */
		1F208226189B0DC700F11AAE /* The Wife.app */ = {isa = PBXFileReference; explicitFileType = wrapper.application; includeInIndex = 0; path = "The Wife.app"; sourceTree = BUILT_PRODUCTS_DIR; };
		1F208229189B0DC700F11AAE /* Foundation.framework */ = {isa = PBXFileReference; lastKnownFileType = wrapper.framework; name = Foundation.framework; path = System/Library/Frameworks/Foundation.framework; sourceTree = SDKROOT; };
		1F20822B189B0DC700F11AAE /* CoreGraphics.framework */ = {isa = PBXFileReference; lastKnownFileType = wrapper.framework; name = CoreGraphics.framework; path = System/Library/Frameworks/CoreGraphics.framework; sourceTree = SDKROOT; };
		1F20822D189B0DC700F11AAE /* UIKit.framework */ = {isa = PBXFileReference; lastKnownFileType = wrapper.framework; name = UIKit.framework; path = System/Library/Frameworks/UIKit.framework; sourceTree = SDKROOT; };
		1F208231189B0DC700F11AAE /* The Wife-Info.plist */ = {isa = PBXFileReference; lastKnownFileType = text.plist.xml; path = "The Wife-Info.plist"; sourceTree = "<group>"; };
		1F208233189B0DC700F11AAE /* en */ = {isa = PBXFileReference; lastKnownFileType = text.plist.strings; name = en; path = en.lproj/InfoPlist.strings; sourceTree = "<group>"; };
		1F208235189B0DC700F11AAE /* main.m */ = {isa = PBXFileReference; lastKnownFileType = sourcecode.c.objc; path = main.m; sourceTree = "<group>"; };
		1F208237189B0DC700F11AAE /* The Wife-Prefix.pch */ = {isa = PBXFileReference; lastKnownFileType = sourcecode.c.h; path = "The Wife-Prefix.pch"; sourceTree = "<group>"; };
		1F208238189B0DC700F11AAE /* EHTAppDelegate.h */ = {isa = PBXFileReference; lastKnownFileType = sourcecode.c.h; path = EHTAppDelegate.h; sourceTree = "<group>"; };
		1F208239189B0DC700F11AAE /* EHTAppDelegate.m */ = {isa = PBXFileReference; lastKnownFileType = sourcecode.c.objc; path = EHTAppDelegate.m; sourceTree = "<group>"; };
		1F20823B189B0DC700F11AAE /* Images.xcassets */ = {isa = PBXFileReference; lastKnownFileType = folder.assetcatalog; path = Images.xcassets; sourceTree = "<group>"; };
		1F208241189B0DC800F11AAE /* The WifeTests.xctest */ = {isa = PBXFileReference; explicitFileType = wrapper.cfbundle; includeInIndex = 0; path = "The WifeTests.xctest"; sourceTree = BUILT_PRODUCTS_DIR; };
		1F208242189B0DC800F11AAE /* XCTest.framework */ = {isa = PBXFileReference; lastKnownFileType = wrapper.framework; name = XCTest.framework; path = Library/Frameworks/XCTest.framework; sourceTree = DEVELOPER_DIR; };
		1F20824A189B0DC800F11AAE /* The WifeTests-Info.plist */ = {isa = PBXFileReference; lastKnownFileType = text.plist.xml; path = "The WifeTests-Info.plist"; sourceTree = "<group>"; };
		1F20824C189B0DC800F11AAE /* en */ = {isa = PBXFileReference; lastKnownFileType = text.plist.strings; name = en; path = en.lproj/InfoPlist.strings; sourceTree = "<group>"; };
		1F20824E189B0DC800F11AAE /* The_WifeTests.m */ = {isa = PBXFileReference; lastKnownFileType = sourcecode.c.objc; path = The_WifeTests.m; sourceTree = "<group>"; };
		1F208258189B11A400F11AAE /* Main.storyboard */ = {isa = PBXFileReference; fileEncoding = 4; lastKnownFileType = file.storyboard; name = Main.storyboard; path = ../Main.storyboard; sourceTree = "<group>"; };
		1F20825A189B144300F11AAE /* SpriteKit.framework */ = {isa = PBXFileReference; lastKnownFileType = wrapper.framework; name = SpriteKit.framework; path = System/Library/Frameworks/SpriteKit.framework; sourceTree = SDKROOT; };
		1FF0EF6B189DFD8E00681AE3 /* EHTTaskDetailViewController.h */ = {isa = PBXFileReference; fileEncoding = 4; lastKnownFileType = sourcecode.c.h; path = EHTTaskDetailViewController.h; sourceTree = "<group>"; };
		1FF0EF6C189DFD8E00681AE3 /* EHTTaskDetailViewController.m */ = {isa = PBXFileReference; fileEncoding = 4; lastKnownFileType = sourcecode.c.objc; path = EHTTaskDetailViewController.m; sourceTree = "<group>"; };
		AA7C6D34189DB9B7006791E5 /* CoreAudio.framework */ = {isa = PBXFileReference; lastKnownFileType = wrapper.framework; name = CoreAudio.framework; path = System/Library/Frameworks/CoreAudio.framework; sourceTree = SDKROOT; };
		AA7C6D36189DBAA5006791E5 /* Nagging.h */ = {isa = PBXFileReference; fileEncoding = 4; lastKnownFileType = sourcecode.c.h; path = Nagging.h; sourceTree = "<group>"; };
		AA7C6D37189DBCD1006791E5 /* AudioToolbox.framework */ = {isa = PBXFileReference; lastKnownFileType = wrapper.framework; name = AudioToolbox.framework; path = System/Library/Frameworks/AudioToolbox.framework; sourceTree = SDKROOT; };
		AA7C6D39189DBE3B006791E5 /* EHTTask.h */ = {isa = PBXFileReference; fileEncoding = 4; lastKnownFileType = sourcecode.c.h; path = EHTTask.h; sourceTree = "<group>"; };
		AA7C6D3A189DBE3B006791E5 /* EHTTask.m */ = {isa = PBXFileReference; fileEncoding = 4; lastKnownFileType = sourcecode.c.objc; path = EHTTask.m; sourceTree = "<group>"; };
		AA7C6D40189E02E4006791E5 /* EHTTaskCollection.h */ = {isa = PBXFileReference; fileEncoding = 4; lastKnownFileType = sourcecode.c.h; path = EHTTaskCollection.h; sourceTree = "<group>"; };
		AA7C6D41189E02E4006791E5 /* EHTTaskCollection.m */ = {isa = PBXFileReference; fileEncoding = 4; lastKnownFileType = sourcecode.c.objc; path = EHTTaskCollection.m; sourceTree = "<group>"; };
		1FF0EF6E189E138000681AE3 /* EHTTaskPreviewViewController.h */ = {isa = PBXFileReference; fileEncoding = 4; lastKnownFileType = sourcecode.c.h; path = EHTTaskPreviewViewController.h; sourceTree = "<group>"; };
		1FF0EF6F189E138000681AE3 /* EHTTaskPreviewViewController.m */ = {isa = PBXFileReference; fileEncoding = 4; lastKnownFileType = sourcecode.c.objc; path = EHTTaskPreviewViewController.m; sourceTree = "<group>"; };
/* End PBXFileReference section */

/* Begin PBXFrameworksBuildPhase section */
		1F208223189B0DC700F11AAE /* Frameworks */ = {
			isa = PBXFrameworksBuildPhase;
			buildActionMask = 2147483647;
			files = (
				AA7C6D38189DBCD1006791E5 /* AudioToolbox.framework in Frameworks */,
				1F20825B189B144300F11AAE /* SpriteKit.framework in Frameworks */,
				1F20822C189B0DC700F11AAE /* CoreGraphics.framework in Frameworks */,
				1F20822E189B0DC700F11AAE /* UIKit.framework in Frameworks */,
				1F20822A189B0DC700F11AAE /* Foundation.framework in Frameworks */,
			);
			runOnlyForDeploymentPostprocessing = 0;
		};
		1F20823E189B0DC800F11AAE /* Frameworks */ = {
			isa = PBXFrameworksBuildPhase;
			buildActionMask = 2147483647;
			files = (
				1F208243189B0DC800F11AAE /* XCTest.framework in Frameworks */,
				1F208245189B0DC800F11AAE /* UIKit.framework in Frameworks */,
				1F208244189B0DC800F11AAE /* Foundation.framework in Frameworks */,
			);
			runOnlyForDeploymentPostprocessing = 0;
		};
/* End PBXFrameworksBuildPhase section */

/* Begin PBXGroup section */
		1F20821D189B0DC700F11AAE = {
			isa = PBXGroup;
			children = (
				1FF0EF6E189E138000681AE3 /* EHTTaskPreviewViewController.h */,
				1FF0EF6F189E138000681AE3 /* EHTTaskPreviewViewController.m */,
				1F208258189B11A400F11AAE /* Main.storyboard */,
				1F20822F189B0DC700F11AAE /* The Wife */,
				1F208248189B0DC800F11AAE /* The WifeTests */,
				1F208228189B0DC700F11AAE /* Frameworks */,
				1F208227189B0DC700F11AAE /* Products */,
			);
			sourceTree = "<group>";
		};
		1F208227189B0DC700F11AAE /* Products */ = {
			isa = PBXGroup;
			children = (
				1F208226189B0DC700F11AAE /* The Wife.app */,
				1F208241189B0DC800F11AAE /* The WifeTests.xctest */,
			);
			name = Products;
			sourceTree = "<group>";
		};
		1F208228189B0DC700F11AAE /* Frameworks */ = {
			isa = PBXGroup;
			children = (
				AA7C6D37189DBCD1006791E5 /* AudioToolbox.framework */,
				AA7C6D34189DB9B7006791E5 /* CoreAudio.framework */,
				1F20825A189B144300F11AAE /* SpriteKit.framework */,
				1F208229189B0DC700F11AAE /* Foundation.framework */,
				1F20822B189B0DC700F11AAE /* CoreGraphics.framework */,
				1F20822D189B0DC700F11AAE /* UIKit.framework */,
				1F208242189B0DC800F11AAE /* XCTest.framework */,
			);
			name = Frameworks;
			sourceTree = "<group>";
		};
		1F20822F189B0DC700F11AAE /* The Wife */ = {
			isa = PBXGroup;
			children = (
				1F208258189B11A400F11AAE /* Main.storyboard */,
				1F208238189B0DC700F11AAE /* EHTAppDelegate.h */,
				1F208239189B0DC700F11AAE /* EHTAppDelegate.m */,
				1F20823B189B0DC700F11AAE /* Images.xcassets */,
				1F208230189B0DC700F11AAE /* Supporting Files */,
				AA7C6D3C189DBE41006791E5 /* Task Models */,
			);
			path = "The Wife";
			sourceTree = "<group>";
		};
		1F208230189B0DC700F11AAE /* Supporting Files */ = {
			isa = PBXGroup;
			children = (
				1F208231189B0DC700F11AAE /* The Wife-Info.plist */,
				1F208232189B0DC700F11AAE /* InfoPlist.strings */,
				1F208235189B0DC700F11AAE /* main.m */,
				1F208237189B0DC700F11AAE /* The Wife-Prefix.pch */,
			);
			name = "Supporting Files";
			sourceTree = "<group>";
		};
		1F208248189B0DC800F11AAE /* The WifeTests */ = {
			isa = PBXGroup;
			children = (
				1F20824E189B0DC800F11AAE /* The_WifeTests.m */,
				1F208249189B0DC800F11AAE /* Supporting Files */,
			);
			path = "The WifeTests";
			sourceTree = "<group>";
		};
		1F208249189B0DC800F11AAE /* Supporting Files */ = {
			isa = PBXGroup;
			children = (
				1F20824A189B0DC800F11AAE /* The WifeTests-Info.plist */,
				1F20824B189B0DC800F11AAE /* InfoPlist.strings */,
			);
			name = "Supporting Files";
			sourceTree = "<group>";
		};
		AA7C6D3C189DBE41006791E5 /* Task Models */ = {
			isa = PBXGroup;
			children = (
				AA7C6D36189DBAA5006791E5 /* Nagging.h */,
				AA7C6D39189DBE3B006791E5 /* EHTTask.h */,
				AA7C6D3A189DBE3B006791E5 /* EHTTask.m */,
				AA7C6D40189E02E4006791E5 /* EHTTaskCollection.h */,
				AA7C6D41189E02E4006791E5 /* EHTTaskCollection.m */,
			);
			name = "Task Models";
			sourceTree = "<group>";
		};
/* End PBXGroup section */

/* Begin PBXNativeTarget section */
		1F208225189B0DC700F11AAE /* The Wife */ = {
			isa = PBXNativeTarget;
			buildConfigurationList = 1F208252189B0DC800F11AAE /* Build configuration list for PBXNativeTarget "The Wife" */;
			buildPhases = (
				1F208222189B0DC700F11AAE /* Sources */,
				1F208223189B0DC700F11AAE /* Frameworks */,
				1F208224189B0DC700F11AAE /* Resources */,
			);
			buildRules = (
			);
			dependencies = (
			);
			name = "The Wife";
			productName = "The Wife";
			productReference = 1F208226189B0DC700F11AAE /* The Wife.app */;
			productType = "com.apple.product-type.application";
		};
		1F208240189B0DC800F11AAE /* The WifeTests */ = {
			isa = PBXNativeTarget;
			buildConfigurationList = 1F208255189B0DC800F11AAE /* Build configuration list for PBXNativeTarget "The WifeTests" */;
			buildPhases = (
				1F20823D189B0DC800F11AAE /* Sources */,
				1F20823E189B0DC800F11AAE /* Frameworks */,
				1F20823F189B0DC800F11AAE /* Resources */,
			);
			buildRules = (
			);
			dependencies = (
				1F208247189B0DC800F11AAE /* PBXTargetDependency */,
			);
			name = "The WifeTests";
			productName = "The WifeTests";
			productReference = 1F208241189B0DC800F11AAE /* The WifeTests.xctest */;
			productType = "com.apple.product-type.bundle.unit-test";
		};
/* End PBXNativeTarget section */

/* Begin PBXProject section */
		1F20821E189B0DC700F11AAE /* Project object */ = {
			isa = PBXProject;
			attributes = {
				CLASSPREFIX = EHT;
				LastUpgradeCheck = 0500;
				ORGANIZATIONNAME = RIT;
				TargetAttributes = {
					1F208240189B0DC800F11AAE = {
						TestTargetID = 1F208225189B0DC700F11AAE;
					};
				};
			};
			buildConfigurationList = 1F208221189B0DC700F11AAE /* Build configuration list for PBXProject "The Wife" */;
			compatibilityVersion = "Xcode 3.2";
			developmentRegion = English;
			hasScannedForEncodings = 0;
			knownRegions = (
				en,
			);
			mainGroup = 1F20821D189B0DC700F11AAE;
			productRefGroup = 1F208227189B0DC700F11AAE /* Products */;
			projectDirPath = "";
			projectRoot = "";
			targets = (
				1F208225189B0DC700F11AAE /* The Wife */,
				1F208240189B0DC800F11AAE /* The WifeTests */,
			);
		};
/* End PBXProject section */

/* Begin PBXResourcesBuildPhase section */
		1F208224189B0DC700F11AAE /* Resources */ = {
			isa = PBXResourcesBuildPhase;
			buildActionMask = 2147483647;
			files = (
				1F208259189B11A400F11AAE /* Main.storyboard in Resources */,
				1F208234189B0DC700F11AAE /* InfoPlist.strings in Resources */,
				1F20823C189B0DC700F11AAE /* Images.xcassets in Resources */,
			);
			runOnlyForDeploymentPostprocessing = 0;
		};
		1F20823F189B0DC800F11AAE /* Resources */ = {
			isa = PBXResourcesBuildPhase;
			buildActionMask = 2147483647;
			files = (
				1F20824D189B0DC800F11AAE /* InfoPlist.strings in Resources */,
			);
			runOnlyForDeploymentPostprocessing = 0;
		};
/* End PBXResourcesBuildPhase section */

/* Begin PBXSourcesBuildPhase section */
		1F208222189B0DC700F11AAE /* Sources */ = {
			isa = PBXSourcesBuildPhase;
			buildActionMask = 2147483647;
			files = (
				1FF0EF70189E138000681AE3 /* EHTTaskPreviewViewController.m in Sources */,
				1F20823A189B0DC700F11AAE /* EHTAppDelegate.m in Sources */,
				AA7C6D3B189DBE3B006791E5 /* EHTTask.m in Sources */,
				AA7C6D42189E02E4006791E5 /* EHTTaskCollection.m in Sources */,
				1F208236189B0DC700F11AAE /* main.m in Sources */,
			);
			runOnlyForDeploymentPostprocessing = 0;
		};
		1F20823D189B0DC800F11AAE /* Sources */ = {
			isa = PBXSourcesBuildPhase;
			buildActionMask = 2147483647;
			files = (
				1F20824F189B0DC800F11AAE /* The_WifeTests.m in Sources */,
			);
			runOnlyForDeploymentPostprocessing = 0;
		};
/* End PBXSourcesBuildPhase section */

/* Begin PBXTargetDependency section */
		1F208247189B0DC800F11AAE /* PBXTargetDependency */ = {
			isa = PBXTargetDependency;
			target = 1F208225189B0DC700F11AAE /* The Wife */;
			targetProxy = 1F208246189B0DC800F11AAE /* PBXContainerItemProxy */;
		};
/* End PBXTargetDependency section */

/* Begin PBXVariantGroup section */
		1F208232189B0DC700F11AAE /* InfoPlist.strings */ = {
			isa = PBXVariantGroup;
			children = (
				1F208233189B0DC700F11AAE /* en */,
			);
			name = InfoPlist.strings;
			sourceTree = "<group>";
		};
		1F20824B189B0DC800F11AAE /* InfoPlist.strings */ = {
			isa = PBXVariantGroup;
			children = (
				1F20824C189B0DC800F11AAE /* en */,
			);
			name = InfoPlist.strings;
			sourceTree = "<group>";
		};
/* End PBXVariantGroup section */

/* Begin XCBuildConfiguration section */
		1F208250189B0DC800F11AAE /* Debug */ = {
			isa = XCBuildConfiguration;
			buildSettings = {
				ALWAYS_SEARCH_USER_PATHS = NO;
				ARCHS = "$(ARCHS_STANDARD_INCLUDING_64_BIT)";
				CLANG_CXX_LANGUAGE_STANDARD = "gnu++0x";
				CLANG_CXX_LIBRARY = "libc++";
				CLANG_ENABLE_MODULES = YES;
				CLANG_ENABLE_OBJC_ARC = YES;
				CLANG_WARN_BOOL_CONVERSION = YES;
				CLANG_WARN_CONSTANT_CONVERSION = YES;
				CLANG_WARN_DIRECT_OBJC_ISA_USAGE = YES_ERROR;
				CLANG_WARN_EMPTY_BODY = YES;
				CLANG_WARN_ENUM_CONVERSION = YES;
				CLANG_WARN_INT_CONVERSION = YES;
				CLANG_WARN_OBJC_ROOT_CLASS = YES_ERROR;
				CLANG_WARN__DUPLICATE_METHOD_MATCH = YES;
				"CODE_SIGN_IDENTITY[sdk=iphoneos*]" = "iPhone Developer";
				COPY_PHASE_STRIP = NO;
				GCC_C_LANGUAGE_STANDARD = gnu99;
				GCC_DYNAMIC_NO_PIC = NO;
				GCC_OPTIMIZATION_LEVEL = 0;
				GCC_PREPROCESSOR_DEFINITIONS = (
					"DEBUG=1",
					"$(inherited)",
				);
				GCC_SYMBOLS_PRIVATE_EXTERN = NO;
				GCC_WARN_64_TO_32_BIT_CONVERSION = YES;
				GCC_WARN_ABOUT_RETURN_TYPE = YES_ERROR;
				GCC_WARN_UNDECLARED_SELECTOR = YES;
				GCC_WARN_UNINITIALIZED_AUTOS = YES;
				GCC_WARN_UNUSED_FUNCTION = YES;
				GCC_WARN_UNUSED_VARIABLE = YES;
				IPHONEOS_DEPLOYMENT_TARGET = 7.0;
				ONLY_ACTIVE_ARCH = YES;
				SDKROOT = iphoneos;
			};
			name = Debug;
		};
		1F208251189B0DC800F11AAE /* Release */ = {
			isa = XCBuildConfiguration;
			buildSettings = {
				ALWAYS_SEARCH_USER_PATHS = NO;
				ARCHS = "$(ARCHS_STANDARD_INCLUDING_64_BIT)";
				CLANG_CXX_LANGUAGE_STANDARD = "gnu++0x";
				CLANG_CXX_LIBRARY = "libc++";
				CLANG_ENABLE_MODULES = YES;
				CLANG_ENABLE_OBJC_ARC = YES;
				CLANG_WARN_BOOL_CONVERSION = YES;
				CLANG_WARN_CONSTANT_CONVERSION = YES;
				CLANG_WARN_DIRECT_OBJC_ISA_USAGE = YES_ERROR;
				CLANG_WARN_EMPTY_BODY = YES;
				CLANG_WARN_ENUM_CONVERSION = YES;
				CLANG_WARN_INT_CONVERSION = YES;
				CLANG_WARN_OBJC_ROOT_CLASS = YES_ERROR;
				CLANG_WARN__DUPLICATE_METHOD_MATCH = YES;
				"CODE_SIGN_IDENTITY[sdk=iphoneos*]" = "iPhone Developer";
				COPY_PHASE_STRIP = YES;
				ENABLE_NS_ASSERTIONS = NO;
				GCC_C_LANGUAGE_STANDARD = gnu99;
				GCC_WARN_64_TO_32_BIT_CONVERSION = YES;
				GCC_WARN_ABOUT_RETURN_TYPE = YES_ERROR;
				GCC_WARN_UNDECLARED_SELECTOR = YES;
				GCC_WARN_UNINITIALIZED_AUTOS = YES;
				GCC_WARN_UNUSED_FUNCTION = YES;
				GCC_WARN_UNUSED_VARIABLE = YES;
				IPHONEOS_DEPLOYMENT_TARGET = 7.0;
				SDKROOT = iphoneos;
				VALIDATE_PRODUCT = YES;
			};
			name = Release;
		};
		1F208253189B0DC800F11AAE /* Debug */ = {
			isa = XCBuildConfiguration;
			buildSettings = {
				ASSETCATALOG_COMPILER_APPICON_NAME = AppIcon;
				ASSETCATALOG_COMPILER_LAUNCHIMAGE_NAME = LaunchImage;
				GCC_PRECOMPILE_PREFIX_HEADER = YES;
				GCC_PREFIX_HEADER = "The Wife/The Wife-Prefix.pch";
				INFOPLIST_FILE = "The Wife/The Wife-Info.plist";
				PRODUCT_NAME = "$(TARGET_NAME)";
				WRAPPER_EXTENSION = app;
			};
			name = Debug;
		};
		1F208254189B0DC800F11AAE /* Release */ = {
			isa = XCBuildConfiguration;
			buildSettings = {
				ASSETCATALOG_COMPILER_APPICON_NAME = AppIcon;
				ASSETCATALOG_COMPILER_LAUNCHIMAGE_NAME = LaunchImage;
				GCC_PRECOMPILE_PREFIX_HEADER = YES;
				GCC_PREFIX_HEADER = "The Wife/The Wife-Prefix.pch";
				INFOPLIST_FILE = "The Wife/The Wife-Info.plist";
				PRODUCT_NAME = "$(TARGET_NAME)";
				WRAPPER_EXTENSION = app;
			};
			name = Release;
		};
		1F208256189B0DC800F11AAE /* Debug */ = {
			isa = XCBuildConfiguration;
			buildSettings = {
				ARCHS = "$(ARCHS_STANDARD_INCLUDING_64_BIT)";
				BUNDLE_LOADER = "$(BUILT_PRODUCTS_DIR)/The Wife.app/The Wife";
				FRAMEWORK_SEARCH_PATHS = (
					"$(SDKROOT)/Developer/Library/Frameworks",
					"$(inherited)",
					"$(DEVELOPER_FRAMEWORKS_DIR)",
				);
				GCC_PRECOMPILE_PREFIX_HEADER = YES;
				GCC_PREFIX_HEADER = "The Wife/The Wife-Prefix.pch";
				GCC_PREPROCESSOR_DEFINITIONS = (
					"DEBUG=1",
					"$(inherited)",
				);
				INFOPLIST_FILE = "The WifeTests/The WifeTests-Info.plist";
				PRODUCT_NAME = "$(TARGET_NAME)";
				TEST_HOST = "$(BUNDLE_LOADER)";
				WRAPPER_EXTENSION = xctest;
			};
			name = Debug;
		};
		1F208257189B0DC800F11AAE /* Release */ = {
			isa = XCBuildConfiguration;
			buildSettings = {
				ARCHS = "$(ARCHS_STANDARD_INCLUDING_64_BIT)";
				BUNDLE_LOADER = "$(BUILT_PRODUCTS_DIR)/The Wife.app/The Wife";
				FRAMEWORK_SEARCH_PATHS = (
					"$(SDKROOT)/Developer/Library/Frameworks",
					"$(inherited)",
					"$(DEVELOPER_FRAMEWORKS_DIR)",
				);
				GCC_PRECOMPILE_PREFIX_HEADER = YES;
				GCC_PREFIX_HEADER = "The Wife/The Wife-Prefix.pch";
				INFOPLIST_FILE = "The WifeTests/The WifeTests-Info.plist";
				PRODUCT_NAME = "$(TARGET_NAME)";
				TEST_HOST = "$(BUNDLE_LOADER)";
				WRAPPER_EXTENSION = xctest;
			};
			name = Release;
		};
/* End XCBuildConfiguration section */

/* Begin XCConfigurationList section */
		1F208221189B0DC700F11AAE /* Build configuration list for PBXProject "The Wife" */ = {
			isa = XCConfigurationList;
			buildConfigurations = (
				1F208250189B0DC800F11AAE /* Debug */,
				1F208251189B0DC800F11AAE /* Release */,
			);
			defaultConfigurationIsVisible = 0;
			defaultConfigurationName = Release;
		};
		1F208252189B0DC800F11AAE /* Build configuration list for PBXNativeTarget "The Wife" */ = {
			isa = XCConfigurationList;
			buildConfigurations = (
				1F208253189B0DC800F11AAE /* Debug */,
				1F208254189B0DC800F11AAE /* Release */,
			);
			defaultConfigurationIsVisible = 0;
			defaultConfigurationName = Release;
		};
		1F208255189B0DC800F11AAE /* Build configuration list for PBXNativeTarget "The WifeTests" */ = {
			isa = XCConfigurationList;
			buildConfigurations = (
				1F208256189B0DC800F11AAE /* Debug */,
				1F208257189B0DC800F11AAE /* Release */,
			);
			defaultConfigurationIsVisible = 0;
			defaultConfigurationName = Release;
		};
/* End XCConfigurationList section */
	};
	rootObject = 1F20821E189B0DC700F11AAE /* Project object */;
}
